
Microsoft Visual Studio Solution File, Format Version 11.00
# Visual Studio 2010 Express for Windows Phone
Project("{FAE04EC0-301F-11D3-BF4B-00C04F79EFBC}") = "ChilledTreat", "ChilledTreat\ChilledTreat\ChilledTreat.csproj", "{B3FC1F0D-B1A1-447F-8D10-F1A08E7A525A}"
EndProject
Project("{96E2B04D-8817-42C6-938A-82C39BA4D311}") = "ChilledTreatContent", "ChilledTreat\ChilledTreatContent\ChilledTreatContent.contentproj", "{60AB5242-ECA6-429B-A5DD-176A374E138D}"
EndProject
Global
	GlobalSection(SolutionConfigurationPlatforms) = preSolution
		Debug|x86 = Debug|x86
		Release|x86 = Release|x86
	EndGlobalSection
	GlobalSection(ProjectConfigurationPlatforms) = postSolution
		{B3FC1F0D-B1A1-447F-8D10-F1A08E7A525A}.Debug|x86.ActiveCfg = Debug|x86
		{B3FC1F0D-B1A1-447F-8D10-F1A08E7A525A}.Debug|x86.Build.0 = Debug|x86
		{B3FC1F0D-B1A1-447F-8D10-F1A08E7A525A}.Release|x86.ActiveCfg = Release|x86
		{B3FC1F0D-B1A1-447F-8D10-F1A08E7A525A}.Release|x86.Build.0 = Release|x86
		{60AB5242-ECA6-429B-A5DD-176A374E138D}.Debug|x86.ActiveCfg = Debug|x86
		{60AB5242-ECA6-429B-A5DD-176A374E138D}.Release|x86.ActiveCfg = Release|x86
	EndGlobalSection
	GlobalSection(SolutionProperties) = preSolution
		HideSolutionNode = FALSE
	EndGlobalSection
EndGlobal
